{
  "name": "generative-covers",
  "version": "2.0.0",
  "lockfileVersion": 1,
  "dependencies": {
    "is-browser": {
      "version": "https://registry.npmjs.org/is-browser/-/is-browser-2.0.1.tgz",
      "integrity": "sha1-i/C695mpxi/Z3lvO5M8zl8PnUpo="
    },
    "pex-random": {
      "version": "1.0.1",
      "resolved": "https://registry.npmjs.org/pex-random/-/pex-random-1.0.1.tgz",
      "integrity": "sha1-Cwp9kOLgV9V3d+2ROjm3IlUxm+U="
    },
    "plask-wrap": {
      "version": "https://registry.npmjs.org/plask-wrap/-/plask-wrap-1.0.1.tgz",
      "integrity": "sha1-xfXBtdh0wcfZtxf3chJvJauzHd8="
    },
    "seedrandom": {
      "version": "2.4.3",
      "resolved": "https://registry.npmjs.org/seedrandom/-/seedrandom-2.4.3.tgz",
      "integrity": "sha1-JDhQTa0zkXMUv/GKxNeU8W1qrsw="
    },
    "simplex-noise": {
      "version": "2.1.1",
      "resolved": "https://registry.npmjs.org/simplex-noise/-/simplex-noise-2.1.1.tgz",
      "integrity": "sha1-kuZ4XxaptanxMdHplsM3q/X0KF0="
    }
  }
}
